{
  "name": "rtheme",
  "version": "1.0.0",
  "lockfileVersion": 2,
  "requires": true,
  "packages": {
    "": {
      "name": "rtheme",
      "version": "1.0.0",
      "license": "ISC",
      "dependencies": {
        "@fortawesome/fontawesome-free": "^5.15.4",
        "bootstrap": "^4.6.0",
        "mdbootstrap": "^4.20.0",
        "slick-animation": "^0.3.3"
      }
    },
    "node_modules/@fortawesome/fontawesome-free": {
      "version": "5.15.4",
      "resolved": "https://registry.npmjs.org/@fortawesome/fontawesome-free/-/fontawesome-free-5.15.4.tgz",
      "integrity": "sha512-eYm8vijH/hpzr/6/1CJ/V/Eb1xQFW2nnUKArb3z+yUWv7HTwj6M7SP957oMjfZjAHU6qpoNc2wQvIxBLWYa/Jg==",
      "hasInstallScript": true,
      "engines": {
        "node": ">=6"
      }
    },
    "node_modules/animate.css": {
      "version": "3.5.2",
      "resolved": "https://registry.npmjs.org/animate.css/-/animate.css-3.5.2.tgz",
      "integrity": "sha1-keZo3AaagI5eSZUUhnuXquAWbDY="
    },
    "node_modules/bootstrap": {
      "version": "4.6.0",
      "resolved": "https://registry.npmjs.org/bootstrap/-/bootstrap-4.6.0.tgz",
      "integrity": "sha512-Io55IuQY3kydzHtbGvQya3H+KorS/M9rSNyfCGCg9WZ4pyT/lCxIlpJgG1GXW/PswzC84Tr2fBYi+7+jFVQQBw=="
    },
    "node_modules/jquery": {
      "version": "3.6.0",
      "resolved": "https://registry.npmjs.org/jquery/-/jquery-3.6.0.tgz",
      "integrity": "sha512-JVzAR/AjBvVt2BmYhxRCSYysDsPcssdmTFnzyLEts9qNwmjmu4JTAMYubEfwVOSwpQ1I1sKKFcxhZCI2buerfw=="
    },
    "node_modules/mdbootstrap": {
      "version": "4.20.0",
      "resolved": "https://registry.npmjs.org/mdbootstrap/-/mdbootstrap-4.20.0.tgz",
      "integrity": "sha512-eIxaYsvHct2BKqkJWphh6j7nFQXHh9NjbbN7a+dctfrVsKaydNW5XpKIxmq2tDSb9+XYGm9hK7hMTlHgeV6wdw=="
    },
    "node_modules/slick-animation": {
      "version": "0.3.3",
      "resolved": "https://registry.npmjs.org/slick-animation/-/slick-animation-0.3.3.tgz",
      "integrity": "sha512-EdnxYiIUpWMATzAL2vF8ZvEBT/nhLJlNyZnOfHxcT05C5r4qEMx1vrXYFLWsmCTu5PfV4psDcOZdgBmlp0XOzQ==",
      "dependencies": {
        "animate.css": "3.5.2",
        "slick-carousel": "1.5.9"
      }
    },
    "node_modules/slick-carousel": {
      "version": "1.5.9",
      "resolved": "https://registry.npmjs.org/slick-carousel/-/slick-carousel-1.5.9.tgz",
      "integrity": "sha1-K9yuOOeljnJDDpcFW/rMFn8zZNM=",
      "dependencies": {
        "jquery": "3.6.0"
      }
    }
  },
  "dependencies": {
    "@fortawesome/fontawesome-free": {
      "version": "5.15.4",
      "resolved": "https://registry.npmjs.org/@fortawesome/fontawesome-free/-/fontawesome-free-5.15.4.tgz",
      "integrity": "sha512-eYm8vijH/hpzr/6/1CJ/V/Eb1xQFW2nnUKArb3z+yUWv7HTwj6M7SP957oMjfZjAHU6qpoNc2wQvIxBLWYa/Jg=="
    },
    "animate.css": {
      "version": "3.5.2",
      "resolved": "https://registry.npmjs.org/animate.css/-/animate.css-3.5.2.tgz",
      "integrity": "sha1-keZo3AaagI5eSZUUhnuXquAWbDY="
    },
    "bootstrap": {
      "version": "4.6.0",
      "resolved": "https://registry.npmjs.org/bootstrap/-/bootstrap-4.6.0.tgz",
      "integrity": "sha512-Io55IuQY3kydzHtbGvQya3H+KorS/M9rSNyfCGCg9WZ4pyT/lCxIlpJgG1GXW/PswzC84Tr2fBYi+7+jFVQQBw=="
    },
    "jquery": {
      "version": "3.6.0",
      "resolved": "https://registry.npmjs.org/jquery/-/jquery-3.6.0.tgz",
      "integrity": "sha512-JVzAR/AjBvVt2BmYhxRCSYysDsPcssdmTFnzyLEts9qNwmjmu4JTAMYubEfwVOSwpQ1I1sKKFcxhZCI2buerfw=="
    },
    "mdbootstrap": {
      "version": "4.20.0",
      "resolved": "https://registry.npmjs.org/mdbootstrap/-/mdbootstrap-4.20.0.tgz",
      "integrity": "sha512-eIxaYsvHct2BKqkJWphh6j7nFQXHh9NjbbN7a+dctfrVsKaydNW5XpKIxmq2tDSb9+XYGm9hK7hMTlHgeV6wdw=="
    },
    "slick-animation": {
      "version": "0.3.3",
      "resolved": "https://registry.npmjs.org/slick-animation/-/slick-animation-0.3.3.tgz",
      "integrity": "sha512-EdnxYiIUpWMATzAL2vF8ZvEBT/nhLJlNyZnOfHxcT05C5r4qEMx1vrXYFLWsmCTu5PfV4psDcOZdgBmlp0XOzQ==",
      "requires": {
        "animate.css": "3.5.2",
        "slick-carousel": "1.5.9"
      }
    },
    "slick-carousel": {
      "version": "1.5.9",
      "resolved": "https://registry.npmjs.org/slick-carousel/-/slick-carousel-1.5.9.tgz",
      "integrity": "sha1-K9yuOOeljnJDDpcFW/rMFn8zZNM=",
      "requires": {
        "jquery": "3.6.0"
      }
    }
  }
}
